// !$*UTF8*$!
{
	archiveVersion = 1;
	classes = {
	};
	objectVersion = 46;
	objects = {

/* Begin PBXBuildFile section */
		0D1F2E3C1A43DB3300C0C465 /* ProfileViewController.swift in Sources */ = {isa = PBXBuildFile; fileRef = 0D1F2E3B1A43DB3300C0C465 /* ProfileViewController.swift */; };
		0D1F2E3E1A43DB4500C0C465 /* InboxViewController.swift in Sources */ = {isa = PBXBuildFile; fileRef = 0D1F2E3D1A43DB4500C0C465 /* InboxViewController.swift */; };
		0D1F2E401A43DC4900C0C465 /* dota2.jpg in Resources */ = {isa = PBXBuildFile; fileRef = 0D1F2E3F1A43DC4900C0C465 /* dota2.jpg */; };
		0D1F2E421A43DDD900C0C465 /* ProfileTableViewCell.swift in Sources */ = {isa = PBXBuildFile; fileRef = 0D1F2E411A43DDD900C0C465 /* ProfileTableViewCell.swift */; };
		0D1F2E441A43E21100C0C465 /* EditViewController.swift in Sources */ = {isa = PBXBuildFile; fileRef = 0D1F2E431A43E21100C0C465 /* EditViewController.swift */; };
		0D1F2E461A43E22400C0C465 /* VerifyViewController.swift in Sources */ = {isa = PBXBuildFile; fileRef = 0D1F2E451A43E22400C0C465 /* VerifyViewController.swift */; };
		0D1F2E481A43E25500C0C465 /* InputViewController.swift in Sources */ = {isa = PBXBuildFile; fileRef = 0D1F2E471A43E25500C0C465 /* InputViewController.swift */; };
		0D5587D91A402105009AD4F0 /* DetailViewController.swift in Sources */ = {isa = PBXBuildFile; fileRef = 0D5587D81A402105009AD4F0 /* DetailViewController.swift */; };
		0D5587DF1A402638009AD4F0 /* MessageViewController.m in Sources */ = {isa = PBXBuildFile; fileRef = 0D5587DC1A402638009AD4F0 /* MessageViewController.m */; };
		0D5587E01A402638009AD4F0 /* MessageTableViewCell.m in Sources */ = {isa = PBXBuildFile; fileRef = 0D5587DE1A402638009AD4F0 /* MessageTableViewCell.m */; };
		0D9FCBCC1A3E779D00F576D9 /* TimelineTableViewCell.swift in Sources */ = {isa = PBXBuildFile; fileRef = 0D9FCBCB1A3E779D00F576D9 /* TimelineTableViewCell.swift */; };
		0D9FCBD11A3E7E0800F576D9 /* bicon.png in Resources */ = {isa = PBXBuildFile; fileRef = 0D9FCBCE1A3E7E0800F576D9 /* bicon.png */; };
		0D9FCBD21A3E7E0800F576D9 /* dark_circle.png in Resources */ = {isa = PBXBuildFile; fileRef = 0D9FCBCF1A3E7E0800F576D9 /* dark_circle.png */; };
		0D9FCBD31A3E7E0800F576D9 /* light_circle.png in Resources */ = {isa = PBXBuildFile; fileRef = 0D9FCBD01A3E7E0800F576D9 /* light_circle.png */; };
		0D9FCBD51A3FED0C00F576D9 /* PostViewController.swift in Sources */ = {isa = PBXBuildFile; fileRef = 0D9FCBD41A3FED0C00F576D9 /* PostViewController.swift */; };
		9A02BC6C1A3E720200460D3C /* User.swift in Sources */ = {isa = PBXBuildFile; fileRef = 9A02BC6B1A3E720200460D3C /* User.swift */; };
		9A02BC6E1A3E727200460D3C /* College.swift in Sources */ = {isa = PBXBuildFile; fileRef = 9A02BC6D1A3E727200460D3C /* College.swift */; };
		9A02BC701A3E72AA00460D3C /* Post.swift in Sources */ = {isa = PBXBuildFile; fileRef = 9A02BC6F1A3E72AA00460D3C /* Post.swift */; };
		9A1DCC6D1A3E6C6300075F39 /* LoginViewController.swift in Sources */ = {isa = PBXBuildFile; fileRef = 9A1DCC6C1A3E6C6300075F39 /* LoginViewController.swift */; };
		9A62E3D71A412E62008FF9AC /* TimelineViewController.swift in Sources */ = {isa = PBXBuildFile; fileRef = 9A62E3D61A412E62008FF9AC /* TimelineViewController.swift */; };
		9A698F4F1A43CB16000314E8 /* Reply.swift in Sources */ = {isa = PBXBuildFile; fileRef = 9A698F4E1A43CB16000314E8 /* Reply.swift */; };
		9A698F511A43CF5D000314E8 /* PostDetailViewController.swift in Sources */ = {isa = PBXBuildFile; fileRef = 9A698F501A43CF5D000314E8 /* PostDetailViewController.swift */; };
		9A698F541A43D595000314E8 /* ReplyTableViewCell.swift in Sources */ = {isa = PBXBuildFile; fileRef = 9A698F531A43D595000314E8 /* ReplyTableViewCell.swift */; };
		9A6F0EAD1A3E67BA00CE14B4 /* AppDelegate.swift in Sources */ = {isa = PBXBuildFile; fileRef = 9A6F0EAC1A3E67BA00CE14B4 /* AppDelegate.swift */; };
		9A6F0EB01A3E67BA00CE14B4 /* X.xcdatamodeld in Sources */ = {isa = PBXBuildFile; fileRef = 9A6F0EAE1A3E67BA00CE14B4 /* X.xcdatamodeld */; };
		9A6F0EB51A3E67BA00CE14B4 /* Main.storyboard in Resources */ = {isa = PBXBuildFile; fileRef = 9A6F0EB31A3E67BA00CE14B4 /* Main.storyboard */; };
		9A6F0EB71A3E67BA00CE14B4 /* Images.xcassets in Resources */ = {isa = PBXBuildFile; fileRef = 9A6F0EB61A3E67BA00CE14B4 /* Images.xcassets */; };
		9A6F0EBA1A3E67BA00CE14B4 /* LaunchScreen.xib in Resources */ = {isa = PBXBuildFile; fileRef = 9A6F0EB81A3E67BA00CE14B4 /* LaunchScreen.xib */; };
		9A6F0EC61A3E67BA00CE14B4 /* XTests.swift in Sources */ = {isa = PBXBuildFile; fileRef = 9A6F0EC51A3E67BA00CE14B4 /* XTests.swift */; };
		A678168D06E120E10CF2995D /* libPods-X.a in Frameworks */ = {isa = PBXBuildFile; fileRef = 9253DF238FFC5B24472F5C72 /* libPods-X.a */; };
/* End PBXBuildFile section */

/* Begin PBXContainerItemProxy section */
		9A6F0EC01A3E67BA00CE14B4 /* PBXContainerItemProxy */ = {
			isa = PBXContainerItemProxy;
			containerPortal = 9A6F0E9F1A3E67BA00CE14B4 /* Project object */;
			proxyType = 1;
			remoteGlobalIDString = 9A6F0EA61A3E67BA00CE14B4;
			remoteInfo = X;
		};
/* End PBXContainerItemProxy section */

/* Begin PBXFileReference section */
		0D1F2E3B1A43DB3300C0C465 /* ProfileViewController.swift */ = {isa = PBXFileReference; fileEncoding = 4; lastKnownFileType = sourcecode.swift; path = ProfileViewController.swift; sourceTree = "<group>"; };
		0D1F2E3D1A43DB4500C0C465 /* InboxViewController.swift */ = {isa = PBXFileReference; fileEncoding = 4; lastKnownFileType = sourcecode.swift; path = InboxViewController.swift; sourceTree = "<group>"; };
		0D1F2E3F1A43DC4900C0C465 /* dota2.jpg */ = {isa = PBXFileReference; lastKnownFileType = image.jpeg; path = dota2.jpg; sourceTree = "<group>"; };
		0D1F2E411A43DDD900C0C465 /* ProfileTableViewCell.swift */ = {isa = PBXFileReference; fileEncoding = 4; lastKnownFileType = sourcecode.swift; path = ProfileTableViewCell.swift; sourceTree = "<group>"; };
		0D1F2E431A43E21100C0C465 /* EditViewController.swift */ = {isa = PBXFileReference; fileEncoding = 4; lastKnownFileType = sourcecode.swift; path = EditViewController.swift; sourceTree = "<group>"; };
		0D1F2E451A43E22400C0C465 /* VerifyViewController.swift */ = {isa = PBXFileReference; fileEncoding = 4; lastKnownFileType = sourcecode.swift; path = VerifyViewController.swift; sourceTree = "<group>"; };
		0D1F2E471A43E25500C0C465 /* InputViewController.swift */ = {isa = PBXFileReference; fileEncoding = 4; lastKnownFileType = sourcecode.swift; path = InputViewController.swift; sourceTree = "<group>"; };
		0D5587D81A402105009AD4F0 /* DetailViewController.swift */ = {isa = PBXFileReference; fileEncoding = 4; lastKnownFileType = sourcecode.swift; path = DetailViewController.swift; sourceTree = "<group>"; };
		0D5587DB1A402638009AD4F0 /* MessageViewController.h */ = {isa = PBXFileReference; fileEncoding = 4; lastKnownFileType = sourcecode.c.h; path = MessageViewController.h; sourceTree = "<group>"; };
		0D5587DC1A402638009AD4F0 /* MessageViewController.m */ = {isa = PBXFileReference; fileEncoding = 4; lastKnownFileType = sourcecode.c.objc; path = MessageViewController.m; sourceTree = "<group>"; };
		0D5587DD1A402638009AD4F0 /* MessageTableViewCell.h */ = {isa = PBXFileReference; fileEncoding = 4; lastKnownFileType = sourcecode.c.h; path = MessageTableViewCell.h; sourceTree = "<group>"; };
		0D5587DE1A402638009AD4F0 /* MessageTableViewCell.m */ = {isa = PBXFileReference; fileEncoding = 4; lastKnownFileType = sourcecode.c.objc; path = MessageTableViewCell.m; sourceTree = "<group>"; };
		0D9FCBC81A3E6BD100F576D9 /* X-Bridging-Header.h */ = {isa = PBXFileReference; lastKnownFileType = sourcecode.c.h; path = "X-Bridging-Header.h"; sourceTree = "<group>"; };
		0D9FCBCB1A3E779D00F576D9 /* TimelineTableViewCell.swift */ = {isa = PBXFileReference; fileEncoding = 4; lastKnownFileType = sourcecode.swift; path = TimelineTableViewCell.swift; sourceTree = "<group>"; };
		0D9FCBCE1A3E7E0800F576D9 /* bicon.png */ = {isa = PBXFileReference; lastKnownFileType = image.png; path = bicon.png; sourceTree = "<group>"; };
		0D9FCBCF1A3E7E0800F576D9 /* dark_circle.png */ = {isa = PBXFileReference; lastKnownFileType = image.png; path = dark_circle.png; sourceTree = "<group>"; };
		0D9FCBD01A3E7E0800F576D9 /* light_circle.png */ = {isa = PBXFileReference; lastKnownFileType = image.png; path = light_circle.png; sourceTree = "<group>"; };
		0D9FCBD41A3FED0C00F576D9 /* PostViewController.swift */ = {isa = PBXFileReference; fileEncoding = 4; lastKnownFileType = sourcecode.swift; path = PostViewController.swift; sourceTree = "<group>"; };
		1522274757228CDEAB54DB6B /* Pods-X.release.xcconfig */ = {isa = PBXFileReference; includeInIndex = 1; lastKnownFileType = text.xcconfig; name = "Pods-X.release.xcconfig"; path = "Pods/Target Support Files/Pods-X/Pods-X.release.xcconfig"; sourceTree = "<group>"; };
		27E0C18A11664981188565B1 /* Pods-X.debug.xcconfig */ = {isa = PBXFileReference; includeInIndex = 1; lastKnownFileType = text.xcconfig; name = "Pods-X.debug.xcconfig"; path = "Pods/Target Support Files/Pods-X/Pods-X.debug.xcconfig"; sourceTree = "<group>"; };
		9253DF238FFC5B24472F5C72 /* libPods-X.a */ = {isa = PBXFileReference; explicitFileType = archive.ar; includeInIndex = 0; path = "libPods-X.a"; sourceTree = BUILT_PRODUCTS_DIR; };
		9A02BC6B1A3E720200460D3C /* User.swift */ = {isa = PBXFileReference; fileEncoding = 4; lastKnownFileType = sourcecode.swift; path = User.swift; sourceTree = "<group>"; };
		9A02BC6D1A3E727200460D3C /* College.swift */ = {isa = PBXFileReference; fileEncoding = 4; lastKnownFileType = sourcecode.swift; path = College.swift; sourceTree = "<group>"; };
		9A02BC6F1A3E72AA00460D3C /* Post.swift */ = {isa = PBXFileReference; fileEncoding = 4; lastKnownFileType = sourcecode.swift; path = Post.swift; sourceTree = "<group>"; };
		9A1DCC6C1A3E6C6300075F39 /* LoginViewController.swift */ = {isa = PBXFileReference; fileEncoding = 4; lastKnownFileType = sourcecode.swift; path = LoginViewController.swift; sourceTree = "<group>"; };
		9A62E3D61A412E62008FF9AC /* TimelineViewController.swift */ = {isa = PBXFileReference; fileEncoding = 4; lastKnownFileType = sourcecode.swift; path = TimelineViewController.swift; sourceTree = "<group>"; };
		9A698F4E1A43CB16000314E8 /* Reply.swift */ = {isa = PBXFileReference; fileEncoding = 4; lastKnownFileType = sourcecode.swift; path = Reply.swift; sourceTree = "<group>"; };
		9A698F501A43CF5D000314E8 /* PostDetailViewController.swift */ = {isa = PBXFileReference; fileEncoding = 4; lastKnownFileType = sourcecode.swift; path = PostDetailViewController.swift; sourceTree = "<group>"; };
		9A698F531A43D595000314E8 /* ReplyTableViewCell.swift */ = {isa = PBXFileReference; fileEncoding = 4; lastKnownFileType = sourcecode.swift; path = ReplyTableViewCell.swift; sourceTree = "<group>"; };
		9A6F0EA71A3E67BA00CE14B4 /* X.app */ = {isa = PBXFileReference; explicitFileType = wrapper.application; includeInIndex = 0; path = X.app; sourceTree = BUILT_PRODUCTS_DIR; };
		9A6F0EAB1A3E67BA00CE14B4 /* Info.plist */ = {isa = PBXFileReference; lastKnownFileType = text.plist.xml; path = Info.plist; sourceTree = "<group>"; };
		9A6F0EAC1A3E67BA00CE14B4 /* AppDelegate.swift */ = {isa = PBXFileReference; lastKnownFileType = sourcecode.swift; path = AppDelegate.swift; sourceTree = "<group>"; };
		9A6F0EAF1A3E67BA00CE14B4 /* X.xcdatamodel */ = {isa = PBXFileReference; lastKnownFileType = wrapper.xcdatamodel; path = X.xcdatamodel; sourceTree = "<group>"; };
		9A6F0EB41A3E67BA00CE14B4 /* Base */ = {isa = PBXFileReference; lastKnownFileType = file.storyboard; name = Base; path = Base.lproj/Main.storyboard; sourceTree = "<group>"; };
		9A6F0EB61A3E67BA00CE14B4 /* Images.xcassets */ = {isa = PBXFileReference; lastKnownFileType = folder.assetcatalog; path = Images.xcassets; sourceTree = "<group>"; };
		9A6F0EB91A3E67BA00CE14B4 /* Base */ = {isa = PBXFileReference; lastKnownFileType = file.xib; name = Base; path = Base.lproj/LaunchScreen.xib; sourceTree = "<group>"; };
		9A6F0EBF1A3E67BA00CE14B4 /* XTests.xctest */ = {isa = PBXFileReference; explicitFileType = wrapper.cfbundle; includeInIndex = 0; path = XTests.xctest; sourceTree = BUILT_PRODUCTS_DIR; };
		9A6F0EC41A3E67BA00CE14B4 /* Info.plist */ = {isa = PBXFileReference; lastKnownFileType = text.plist.xml; path = Info.plist; sourceTree = "<group>"; };
		9A6F0EC51A3E67BA00CE14B4 /* XTests.swift */ = {isa = PBXFileReference; lastKnownFileType = sourcecode.swift; path = XTests.swift; sourceTree = "<group>"; };
/* End PBXFileReference section */

/* Begin PBXFrameworksBuildPhase section */
		9A6F0EA41A3E67BA00CE14B4 /* Frameworks */ = {
			isa = PBXFrameworksBuildPhase;
			buildActionMask = 2147483647;
			files = (
				A678168D06E120E10CF2995D /* libPods-X.a in Frameworks */,
			);
			runOnlyForDeploymentPostprocessing = 0;
		};
		9A6F0EBC1A3E67BA00CE14B4 /* Frameworks */ = {
			isa = PBXFrameworksBuildPhase;
			buildActionMask = 2147483647;
			files = (
			);
			runOnlyForDeploymentPostprocessing = 0;
		};
/* End PBXFrameworksBuildPhase section */

/* Begin PBXGroup section */
		0D5587DA1A40260A009AD4F0 /* MessageViewLib */ = {
			isa = PBXGroup;
			children = (
				0D5587DB1A402638009AD4F0 /* MessageViewController.h */,
				0D5587DC1A402638009AD4F0 /* MessageViewController.m */,
				0D5587DD1A402638009AD4F0 /* MessageTableViewCell.h */,
				0D5587DE1A402638009AD4F0 /* MessageTableViewCell.m */,
			);
			name = MessageViewLib;
			sourceTree = "<group>";
		};
		0D9FCBC91A3E709000F576D9 /* ViewControllers */ = {
			isa = PBXGroup;
			children = (
				0D5587DA1A40260A009AD4F0 /* MessageViewLib */,
				9A1DCC6C1A3E6C6300075F39 /* LoginViewController.swift */,
				0D9FCBCB1A3E779D00F576D9 /* TimelineTableViewCell.swift */,
				9A62E3D61A412E62008FF9AC /* TimelineViewController.swift */,
				0D9FCBD41A3FED0C00F576D9 /* PostViewController.swift */,
				0D5587D81A402105009AD4F0 /* DetailViewController.swift */,
				0D1F2E3B1A43DB3300C0C465 /* ProfileViewController.swift */,
				0D1F2E411A43DDD900C0C465 /* ProfileTableViewCell.swift */,
				0D1F2E3D1A43DB4500C0C465 /* InboxViewController.swift */,
				0D1F2E431A43E21100C0C465 /* EditViewController.swift */,
				0D1F2E471A43E25500C0C465 /* InputViewController.swift */,
				0D1F2E451A43E22400C0C465 /* VerifyViewController.swift */,
			);
			name = ViewControllers;
			sourceTree = "<group>";
		};
		0D9FCBCA1A3E70C600F576D9 /* Other */ = {
			isa = PBXGroup;
			children = (
				9A6F0EB61A3E67BA00CE14B4 /* Images.xcassets */,
				9A6F0EB81A3E67BA00CE14B4 /* LaunchScreen.xib */,
				9A6F0EAE1A3E67BA00CE14B4 /* X.xcdatamodeld */,
			);
			name = Other;
			sourceTree = "<group>";
		};
		0D9FCBCD1A3E7DF600F576D9 /* Images */ = {
			isa = PBXGroup;
			children = (
				0D1F2E3F1A43DC4900C0C465 /* dota2.jpg */,
				0D9FCBCE1A3E7E0800F576D9 /* bicon.png */,
				0D9FCBCF1A3E7E0800F576D9 /* dark_circle.png */,
				0D9FCBD01A3E7E0800F576D9 /* light_circle.png */,
			);
			name = Images;
			sourceTree = "<group>";
		};
		931EE49D6EF43A4370BDFECE /* Frameworks */ = {
			isa = PBXGroup;
			children = (
				9253DF238FFC5B24472F5C72 /* libPods-X.a */,
			);
			name = Frameworks;
			sourceTree = "<group>";
		};
		9A02BC6A1A3E71F300460D3C /* Models */ = {
			isa = PBXGroup;
			children = (
				9A02BC6B1A3E720200460D3C /* User.swift */,
				9A02BC6D1A3E727200460D3C /* College.swift */,
				9A02BC6F1A3E72AA00460D3C /* Post.swift */,
				9A698F4E1A43CB16000314E8 /* Reply.swift */,
			);
			name = Models;
			sourceTree = "<group>";
		};
		9A698F521A43D578000314E8 /* Views */ = {
			isa = PBXGroup;
			children = (
				0D9FCBCB1A3E779D00F576D9 /* TimelineTableViewCell.swift */,
				9A698F531A43D595000314E8 /* ReplyTableViewCell.swift */,
			);
			name = Views;
			sourceTree = "<group>";
		};
		9A6F0E9E1A3E67BA00CE14B4 = {
			isa = PBXGroup;
			children = (
				9A6F0EA91A3E67BA00CE14B4 /* X */,
				9A6F0EC21A3E67BA00CE14B4 /* XTests */,
				9A6F0EA81A3E67BA00CE14B4 /* Products */,
				BA6EA7E97526FF33921ED97C /* Pods */,
				931EE49D6EF43A4370BDFECE /* Frameworks */,
			);
			sourceTree = "<group>";
		};
		9A6F0EA81A3E67BA00CE14B4 /* Products */ = {
			isa = PBXGroup;
			children = (
				9A6F0EA71A3E67BA00CE14B4 /* X.app */,
				9A6F0EBF1A3E67BA00CE14B4 /* XTests.xctest */,
			);
			name = Products;
			sourceTree = "<group>";
		};
		9A6F0EA91A3E67BA00CE14B4 /* X */ = {
			isa = PBXGroup;
			children = (
				9A698F521A43D578000314E8 /* Views */,
				9A02BC6A1A3E71F300460D3C /* Models */,
				0D9FCBCD1A3E7DF600F576D9 /* Images */,
				0D9FCBC91A3E709000F576D9 /* ViewControllers */,
				9A6F0EAC1A3E67BA00CE14B4 /* AppDelegate.swift */,
				9A6F0EB31A3E67BA00CE14B4 /* Main.storyboard */,
				0D9FCBCA1A3E70C600F576D9 /* Other */,
				9A6F0EAA1A3E67BA00CE14B4 /* Supporting Files */,
				0D9FCBC81A3E6BD100F576D9 /* X-Bridging-Header.h */,
			);
			path = X;
			sourceTree = "<group>";
		};
		9A6F0EAA1A3E67BA00CE14B4 /* Supporting Files */ = {
			isa = PBXGroup;
			children = (
				9A6F0EAB1A3E67BA00CE14B4 /* Info.plist */,
			);
			name = "Supporting Files";
			sourceTree = "<group>";
		};
		9A6F0EC21A3E67BA00CE14B4 /* XTests */ = {
			isa = PBXGroup;
			children = (
				9A6F0EC51A3E67BA00CE14B4 /* XTests.swift */,
				9A6F0EC31A3E67BA00CE14B4 /* Supporting Files */,
			);
			path = XTests;
			sourceTree = "<group>";
		};
		9A6F0EC31A3E67BA00CE14B4 /* Supporting Files */ = {
			isa = PBXGroup;
			children = (
				9A6F0EC41A3E67BA00CE14B4 /* Info.plist */,
			);
			name = "Supporting Files";
			sourceTree = "<group>";
		};
		BA6EA7E97526FF33921ED97C /* Pods */ = {
			isa = PBXGroup;
			children = (
				27E0C18A11664981188565B1 /* Pods-X.debug.xcconfig */,
				1522274757228CDEAB54DB6B /* Pods-X.release.xcconfig */,
			);
			name = Pods;
			sourceTree = "<group>";
		};
/* End PBXGroup section */

/* Begin PBXNativeTarget section */
		9A6F0EA61A3E67BA00CE14B4 /* X */ = {
			isa = PBXNativeTarget;
			buildConfigurationList = 9A6F0EC91A3E67BA00CE14B4 /* Build configuration list for PBXNativeTarget "X" */;
			buildPhases = (
				CC4396A37BE71AEAA2CB86A4 /* Check Pods Manifest.lock */,
				9A6F0EA31A3E67BA00CE14B4 /* Sources */,
				9A6F0EA41A3E67BA00CE14B4 /* Frameworks */,
				9A6F0EA51A3E67BA00CE14B4 /* Resources */,
				FAEB0FCDDBCB7ABCCBC5CBE7 /* Copy Pods Resources */,
			);
			buildRules = (
			);
			dependencies = (
			);
			name = X;
			productName = X;
			productReference = 9A6F0EA71A3E67BA00CE14B4 /* X.app */;
			productType = "com.apple.product-type.application";
		};
		9A6F0EBE1A3E67BA00CE14B4 /* XTests */ = {
			isa = PBXNativeTarget;
			buildConfigurationList = 9A6F0ECC1A3E67BA00CE14B4 /* Build configuration list for PBXNativeTarget "XTests" */;
			buildPhases = (
				9A6F0EBB1A3E67BA00CE14B4 /* Sources */,
				9A6F0EBC1A3E67BA00CE14B4 /* Frameworks */,
				9A6F0EBD1A3E67BA00CE14B4 /* Resources */,
			);
			buildRules = (
			);
			dependencies = (
				9A6F0EC11A3E67BA00CE14B4 /* PBXTargetDependency */,
			);
			name = XTests;
			productName = XTests;
			productReference = 9A6F0EBF1A3E67BA00CE14B4 /* XTests.xctest */;
			productType = "com.apple.product-type.bundle.unit-test";
		};
/* End PBXNativeTarget section */

/* Begin PBXProject section */
		9A6F0E9F1A3E67BA00CE14B4 /* Project object */ = {
			isa = PBXProject;
			attributes = {
				LastUpgradeCheck = 0610;
				ORGANIZATIONNAME = PPC;
				TargetAttributes = {
					9A6F0EA61A3E67BA00CE14B4 = {
						CreatedOnToolsVersion = 6.1.1;
					};
					9A6F0EBE1A3E67BA00CE14B4 = {
						CreatedOnToolsVersion = 6.1.1;
						TestTargetID = 9A6F0EA61A3E67BA00CE14B4;
					};
				};
			};
			buildConfigurationList = 9A6F0EA21A3E67BA00CE14B4 /* Build configuration list for PBXProject "X" */;
			compatibilityVersion = "Xcode 3.2";
			developmentRegion = English;
			hasScannedForEncodings = 0;
			knownRegions = (
				en,
				Base,
			);
			mainGroup = 9A6F0E9E1A3E67BA00CE14B4;
			productRefGroup = 9A6F0EA81A3E67BA00CE14B4 /* Products */;
			projectDirPath = "";
			projectRoot = "";
			targets = (
				9A6F0EA61A3E67BA00CE14B4 /* X */,
				9A6F0EBE1A3E67BA00CE14B4 /* XTests */,
			);
		};
/* End PBXProject section */

/* Begin PBXResourcesBuildPhase section */
		9A6F0EA51A3E67BA00CE14B4 /* Resources */ = {
			isa = PBXResourcesBuildPhase;
			buildActionMask = 2147483647;
			files = (
				9A6F0EB51A3E67BA00CE14B4 /* Main.storyboard in Resources */,
				9A6F0EBA1A3E67BA00CE14B4 /* LaunchScreen.xib in Resources */,
				0D9FCBD21A3E7E0800F576D9 /* dark_circle.png in Resources */,
				9A6F0EB71A3E67BA00CE14B4 /* Images.xcassets in Resources */,
				0D9FCBD31A3E7E0800F576D9 /* light_circle.png in Resources */,
				0D1F2E401A43DC4900C0C465 /* dota2.jpg in Resources */,
				0D9FCBD11A3E7E0800F576D9 /* bicon.png in Resources */,
			);
			runOnlyForDeploymentPostprocessing = 0;
		};
		9A6F0EBD1A3E67BA00CE14B4 /* Resources */ = {
			isa = PBXResourcesBuildPhase;
			buildActionMask = 2147483647;
			files = (
			);
			runOnlyForDeploymentPostprocessing = 0;
		};
/* End PBXResourcesBuildPhase section */

/* Begin PBXShellScriptBuildPhase section */
		CC4396A37BE71AEAA2CB86A4 /* Check Pods Manifest.lock */ = {
			isa = PBXShellScriptBuildPhase;
			buildActionMask = 2147483647;
			files = (
			);
			inputPaths = (
			);
			name = "Check Pods Manifest.lock";
			outputPaths = (
			);
			runOnlyForDeploymentPostprocessing = 0;
			shellPath = /bin/sh;
			shellScript = "diff \"${PODS_ROOT}/../Podfile.lock\" \"${PODS_ROOT}/Manifest.lock\" > /dev/null\nif [[ $? != 0 ]] ; then\n    cat << EOM\nerror: The sandbox is not in sync with the Podfile.lock. Run 'pod install' or update your CocoaPods installation.\nEOM\n    exit 1\nfi\n";
			showEnvVarsInLog = 0;
		};
		FAEB0FCDDBCB7ABCCBC5CBE7 /* Copy Pods Resources */ = {
			isa = PBXShellScriptBuildPhase;
			buildActionMask = 2147483647;
			files = (
			);
			inputPaths = (
			);
			name = "Copy Pods Resources";
			outputPaths = (
			);
			runOnlyForDeploymentPostprocessing = 0;
			shellPath = /bin/sh;
			shellScript = "\"${SRCROOT}/Pods/Target Support Files/Pods-X/Pods-X-resources.sh\"\n";
			showEnvVarsInLog = 0;
		};
/* End PBXShellScriptBuildPhase section */

/* Begin PBXSourcesBuildPhase section */
		9A6F0EA31A3E67BA00CE14B4 /* Sources */ = {
			isa = PBXSourcesBuildPhase;
			buildActionMask = 2147483647;
			files = (
				0D9FCBD51A3FED0C00F576D9 /* PostViewController.swift in Sources */,
				9A698F511A43CF5D000314E8 /* PostDetailViewController.swift in Sources */,
				9A1DCC6D1A3E6C6300075F39 /* LoginViewController.swift in Sources */,
				9A02BC6C1A3E720200460D3C /* User.swift in Sources */,
				0D1F2E421A43DDD900C0C465 /* ProfileTableViewCell.swift in Sources */,
				9A02BC701A3E72AA00460D3C /* Post.swift in Sources */,
				9A02BC6E1A3E727200460D3C /* College.swift in Sources */,
				9A698F4F1A43CB16000314E8 /* Reply.swift in Sources */,
				9A62E3D71A412E62008FF9AC /* TimelineViewController.swift in Sources */,
				9A698F541A43D595000314E8 /* ReplyTableViewCell.swift in Sources */,
				0D5587E01A402638009AD4F0 /* MessageTableViewCell.m in Sources */,
				0D1F2E441A43E21100C0C465 /* EditViewController.swift in Sources */,
				0D1F2E481A43E25500C0C465 /* InputViewController.swift in Sources */,
				0D1F2E3E1A43DB4500C0C465 /* InboxViewController.swift in Sources */,
				0D9FCBCC1A3E779D00F576D9 /* TimelineTableViewCell.swift in Sources */,
				0D1F2E461A43E22400C0C465 /* VerifyViewController.swift in Sources */,
				9A6F0EB01A3E67BA00CE14B4 /* X.xcdatamodeld in Sources */,
				9A6F0EAD1A3E67BA00CE14B4 /* AppDelegate.swift in Sources */,
				0D1F2E3C1A43DB3300C0C465 /* ProfileViewController.swift in Sources */,
				0D5587DF1A402638009AD4F0 /* MessageViewController.m in Sources */,
				0D5587D91A402105009AD4F0 /* DetailViewController.swift in Sources */,
			);
			runOnlyForDeploymentPostprocessing = 0;
		};
		9A6F0EBB1A3E67BA00CE14B4 /* Sources */ = {
			isa = PBXSourcesBuildPhase;
			buildActionMask = 2147483647;
			files = (
				9A6F0EC61A3E67BA00CE14B4 /* XTests.swift in Sources */,
			);
			runOnlyForDeploymentPostprocessing = 0;
		};
/* End PBXSourcesBuildPhase section */

/* Begin PBXTargetDependency section */
		9A6F0EC11A3E67BA00CE14B4 /* PBXTargetDependency */ = {
			isa = PBXTargetDependency;
			target = 9A6F0EA61A3E67BA00CE14B4 /* X */;
			targetProxy = 9A6F0EC01A3E67BA00CE14B4 /* PBXContainerItemProxy */;
		};
/* End PBXTargetDependency section */

/* Begin PBXVariantGroup section */
		9A6F0EB31A3E67BA00CE14B4 /* Main.storyboard */ = {
			isa = PBXVariantGroup;
			children = (
				9A6F0EB41A3E67BA00CE14B4 /* Base */,
			);
			name = Main.storyboard;
			sourceTree = "<group>";
		};
		9A6F0EB81A3E67BA00CE14B4 /* LaunchScreen.xib */ = {
			isa = PBXVariantGroup;
			children = (
				9A6F0EB91A3E67BA00CE14B4 /* Base */,
			);
			name = LaunchScreen.xib;
			sourceTree = "<group>";
		};
/* End PBXVariantGroup section */

/* Begin XCBuildConfiguration section */
		9A6F0EC71A3E67BA00CE14B4 /* Debug */ = {
			isa = XCBuildConfiguration;
			buildSettings = {
				ALWAYS_SEARCH_USER_PATHS = NO;
				CLANG_CXX_LANGUAGE_STANDARD = "gnu++0x";
				CLANG_CXX_LIBRARY = "libc++";
				CLANG_ENABLE_MODULES = YES;
				CLANG_ENABLE_OBJC_ARC = YES;
				CLANG_WARN_BOOL_CONVERSION = YES;
				CLANG_WARN_CONSTANT_CONVERSION = YES;
				CLANG_WARN_DIRECT_OBJC_ISA_USAGE = YES_ERROR;
				CLANG_WARN_EMPTY_BODY = YES;
				CLANG_WARN_ENUM_CONVERSION = YES;
				CLANG_WARN_INT_CONVERSION = YES;
				CLANG_WARN_OBJC_ROOT_CLASS = YES_ERROR;
				CLANG_WARN_UNREACHABLE_CODE = YES;
				CLANG_WARN__DUPLICATE_METHOD_MATCH = YES;
				"CODE_SIGN_IDENTITY[sdk=iphoneos*]" = "iPhone Developer";
				COPY_PHASE_STRIP = NO;
				ENABLE_STRICT_OBJC_MSGSEND = YES;
				GCC_C_LANGUAGE_STANDARD = gnu99;
				GCC_DYNAMIC_NO_PIC = NO;
				GCC_OPTIMIZATION_LEVEL = 0;
				GCC_PREPROCESSOR_DEFINITIONS = (
					"DEBUG=1",
					"$(inherited)",
				);
				GCC_SYMBOLS_PRIVATE_EXTERN = NO;
				GCC_WARN_64_TO_32_BIT_CONVERSION = YES;
				GCC_WARN_ABOUT_RETURN_TYPE = YES_ERROR;
				GCC_WARN_UNDECLARED_SELECTOR = YES;
				GCC_WARN_UNINITIALIZED_AUTOS = YES_AGGRESSIVE;
				GCC_WARN_UNUSED_FUNCTION = YES;
				GCC_WARN_UNUSED_VARIABLE = YES;
				IPHONEOS_DEPLOYMENT_TARGET = 8.1;
				MTL_ENABLE_DEBUG_INFO = YES;
				ONLY_ACTIVE_ARCH = YES;
				SDKROOT = iphoneos;
				SWIFT_OPTIMIZATION_LEVEL = "-Onone";
			};
			name = Debug;
		};
		9A6F0EC81A3E67BA00CE14B4 /* Release */ = {
			isa = XCBuildConfiguration;
			buildSettings = {
				ALWAYS_SEARCH_USER_PATHS = NO;
				CLANG_CXX_LANGUAGE_STANDARD = "gnu++0x";
				CLANG_CXX_LIBRARY = "libc++";
				CLANG_ENABLE_MODULES = YES;
				CLANG_ENABLE_OBJC_ARC = YES;
				CLANG_WARN_BOOL_CONVERSION = YES;
				CLANG_WARN_CONSTANT_CONVERSION = YES;
				CLANG_WARN_DIRECT_OBJC_ISA_USAGE = YES_ERROR;
				CLANG_WARN_EMPTY_BODY = YES;
				CLANG_WARN_ENUM_CONVERSION = YES;
				CLANG_WARN_INT_CONVERSION = YES;
				CLANG_WARN_OBJC_ROOT_CLASS = YES_ERROR;
				CLANG_WARN_UNREACHABLE_CODE = YES;
				CLANG_WARN__DUPLICATE_METHOD_MATCH = YES;
				"CODE_SIGN_IDENTITY[sdk=iphoneos*]" = "iPhone Developer";
				COPY_PHASE_STRIP = YES;
				ENABLE_NS_ASSERTIONS = NO;
				ENABLE_STRICT_OBJC_MSGSEND = YES;
				GCC_C_LANGUAGE_STANDARD = gnu99;
				GCC_WARN_64_TO_32_BIT_CONVERSION = YES;
				GCC_WARN_ABOUT_RETURN_TYPE = YES_ERROR;
				GCC_WARN_UNDECLARED_SELECTOR = YES;
				GCC_WARN_UNINITIALIZED_AUTOS = YES_AGGRESSIVE;
				GCC_WARN_UNUSED_FUNCTION = YES;
				GCC_WARN_UNUSED_VARIABLE = YES;
				IPHONEOS_DEPLOYMENT_TARGET = 8.1;
				MTL_ENABLE_DEBUG_INFO = NO;
				SDKROOT = iphoneos;
				VALIDATE_PRODUCT = YES;
			};
			name = Release;
		};
		9A6F0ECA1A3E67BA00CE14B4 /* Debug */ = {
			isa = XCBuildConfiguration;
			baseConfigurationReference = 27E0C18A11664981188565B1 /* Pods-X.debug.xcconfig */;
			buildSettings = {
				ASSETCATALOG_COMPILER_APPICON_NAME = AppIcon;
				EMBEDDED_CONTENT_CONTAINS_SWIFT = YES;
				INFOPLIST_FILE = X/Info.plist;
				LD_RUNPATH_SEARCH_PATHS = "$(inherited) @executable_path/Frameworks";
				PRODUCT_NAME = "$(TARGET_NAME)";
				PROVISIONING_PROFILE = "";
				SWIFT_OBJC_BRIDGING_HEADER = "X/X-Bridging-Header.h";
			};
			name = Debug;
		};
		9A6F0ECB1A3E67BA00CE14B4 /* Release */ = {
			isa = XCBuildConfiguration;
			baseConfigurationReference = 1522274757228CDEAB54DB6B /* Pods-X.release.xcconfig */;
			buildSettings = {
				ASSETCATALOG_COMPILER_APPICON_NAME = AppIcon;
				EMBEDDED_CONTENT_CONTAINS_SWIFT = YES;
				INFOPLIST_FILE = X/Info.plist;
				LD_RUNPATH_SEARCH_PATHS = "$(inherited) @executable_path/Frameworks";
				PRODUCT_NAME = "$(TARGET_NAME)";
				PROVISIONING_PROFILE = "";
				SWIFT_OBJC_BRIDGING_HEADER = "X/X-Bridging-Header.h";
			};
			name = Release;
		};
		9A6F0ECD1A3E67BA00CE14B4 /* Debug */ = {
			isa = XCBuildConfiguration;
			buildSettings = {
				BUNDLE_LOADER = "$(TEST_HOST)";
				FRAMEWORK_SEARCH_PATHS = (
					"$(SDKROOT)/Developer/Library/Frameworks",
					"$(inherited)",
				);
				GCC_PREPROCESSOR_DEFINITIONS = (
					"DEBUG=1",
					"$(inherited)",
				);
				INFOPLIST_FILE = XTests/Info.plist;
				LD_RUNPATH_SEARCH_PATHS = "$(inherited) @executable_path/Frameworks @loader_path/Frameworks";
				PRODUCT_NAME = "$(TARGET_NAME)";
				TEST_HOST = "$(BUILT_PRODUCTS_DIR)/X.app/X";
			};
			name = Debug;
		};
		9A6F0ECE1A3E67BA00CE14B4 /* Release */ = {
			isa = XCBuildConfiguration;
			buildSettings = {
				BUNDLE_LOADER = "$(TEST_HOST)";
				FRAMEWORK_SEARCH_PATHS = (
					"$(SDKROOT)/Developer/Library/Frameworks",
					"$(inherited)",
				);
				INFOPLIST_FILE = XTests/Info.plist;
				LD_RUNPATH_SEARCH_PATHS = "$(inherited) @executable_path/Frameworks @loader_path/Frameworks";
				PRODUCT_NAME = "$(TARGET_NAME)";
				TEST_HOST = "$(BUILT_PRODUCTS_DIR)/X.app/X";
			};
			name = Release;
		};
/* End XCBuildConfiguration section */

/* Begin XCConfigurationList section */
		9A6F0EA21A3E67BA00CE14B4 /* Build configuration list for PBXProject "X" */ = {
			isa = XCConfigurationList;
			buildConfigurations = (
				9A6F0EC71A3E67BA00CE14B4 /* Debug */,
				9A6F0EC81A3E67BA00CE14B4 /* Release */,
			);
			defaultConfigurationIsVisible = 0;
			defaultConfigurationName = Release;
		};
		9A6F0EC91A3E67BA00CE14B4 /* Build configuration list for PBXNativeTarget "X" */ = {
			isa = XCConfigurationList;
			buildConfigurations = (
				9A6F0ECA1A3E67BA00CE14B4 /* Debug */,
				9A6F0ECB1A3E67BA00CE14B4 /* Release */,
			);
			defaultConfigurationIsVisible = 0;
			defaultConfigurationName = Release;
		};
		9A6F0ECC1A3E67BA00CE14B4 /* Build configuration list for PBXNativeTarget "XTests" */ = {
			isa = XCConfigurationList;
			buildConfigurations = (
				9A6F0ECD1A3E67BA00CE14B4 /* Debug */,
				9A6F0ECE1A3E67BA00CE14B4 /* Release */,
			);
			defaultConfigurationIsVisible = 0;
			defaultConfigurationName = Release;
		};
/* End XCConfigurationList section */

/* Begin XCVersionGroup section */
		9A6F0EAE1A3E67BA00CE14B4 /* X.xcdatamodeld */ = {
			isa = XCVersionGroup;
			children = (
				9A6F0EAF1A3E67BA00CE14B4 /* X.xcdatamodel */,
			);
			currentVersion = 9A6F0EAF1A3E67BA00CE14B4 /* X.xcdatamodel */;
			path = X.xcdatamodeld;
			sourceTree = "<group>";
			versionGroupType = wrapper.xcdatamodel;
		};
/* End XCVersionGroup section */
	};
	rootObject = 9A6F0E9F1A3E67BA00CE14B4 /* Project object */;
}
